
Microsoft Visual Studio Solution File, Format Version 12.00
# Visual Studio Version 17
VisualStudioVersion = 17.11.35303.130
MinimumVisualStudioVersion = 10.0.40219.1
Project("{9A19103F-16F7-4668-BE54-9A1E7A4F7556}") = "Invoice Parser", "Invoice Parser\Invoice Parser.csproj", "{34DDBD3B-2C4D-49D5-82FC-9A85487FA451}"
EndProject
Global
	GlobalSection(SolutionConfigurationPlatforms) = preSolution
		Debug|Any CPU = Debug|Any CPU
		Debug|x64 = Debug|x64
		Release|Any CPU = Release|Any CPU
		Release|x64 = Release|x64
	EndGlobalSection
	GlobalSection(ProjectConfigurationPlatforms) = postSolution
		{34DDBD3B-2C4D-49D5-82FC-9A85487FA451}.Debug|Any CPU.ActiveCfg = Debug|Any CPU
		{34DDBD3B-2C4D-49D5-82FC-9A85487FA451}.Debug|Any CPU.Build.0 = Debug|Any CPU
		{34DDBD3B-2C4D-49D5-82FC-9A85487FA451}.Debug|x64.ActiveCfg = Debug|x64
		{34DDBD3B-2C4D-49D5-82FC-9A85487FA451}.Debug|x64.Build.0 = Debug|x64
		{34DDBD3B-2C4D-49D5-82FC-9A85487FA451}.Release|Any CPU.ActiveCfg = Release|Any CPU
		{34DDBD3B-2C4D-49D5-82FC-9A85487FA451}.Release|Any CPU.Build.0 = Release|Any CPU
		{34DDBD3B-2C4D-49D5-82FC-9A85487FA451}.Release|x64.ActiveCfg = Release|x64
		{34DDBD3B-2C4D-49D5-82FC-9A85487FA451}.Release|x64.Build.0 = Release|x64
	EndGlobalSection
	GlobalSection(SolutionProperties) = preSolution
		HideSolutionNode = FALSE
	EndGlobalSection
	GlobalSection(ExtensibilityGlobals) = postSolution
		SolutionGuid = {62A59F87-1263-4A56-B892-674B3208D3B7}
	EndGlobalSection
EndGlobal
